
Microsoft Visual Studio Solution File, Format Version 12.00
Project("{FAE04EC0-301F-11D3-BF4B-00C04F79EFBC}") = "Lab5Apps", "Lab5Apps\Lab5Apps.csproj", "{B38D3633-0EAB-48BA-86AB-3CDD6D8A83B7}"
EndProject
Global
	GlobalSection(SolutionConfigurationPlatforms) = preSolution
		Debug|Any CPU = Debug|Any CPU
		Release|Any CPU = Release|Any CPU
	EndGlobalSection
	GlobalSection(ProjectConfigurationPlatforms) = postSolution
		{B38D3633-0EAB-48BA-86AB-3CDD6D8A83B7}.Debug|Any CPU.ActiveCfg = Debug|Any CPU
		{B38D3633-0EAB-48BA-86AB-3CDD6D8A83B7}.Debug|Any CPU.Build.0 = Debug|Any CPU
		{B38D3633-0EAB-48BA-86AB-3CDD6D8A83B7}.Release|Any CPU.ActiveCfg = Release|Any CPU
		{B38D3633-0EAB-48BA-86AB-3CDD6D8A83B7}.Release|Any CPU.Build.0 = Release|Any CPU
	EndGlobalSection
EndGlobal
